{
  "originHash" : "481232f22d501974101dfe2aee79b22e02d00bfbcee6c2a45172ecba407c5435",
  "pins" : [
    {
      "identity" : "feedkit",
      "kind" : "remoteSourceControl",
      "location" : "https://github.com/nmdias/FeedKit",
      "state" : {
        "revision" : "e55b2cafaf67370092c91193cfb8a8b008e05888",
        "version" : "10.4.0"
      }
    }
  ],
  "version" : 3
}
